
Microsoft Visual Studio Solution File, Format Version 12.00
# Visual Studio Version 17
VisualStudioVersion = 17.9.34723.18
MinimumVisualStudioVersion = 10.0.40219.1
Project("{FAE04EC0-301F-11D3-BF4B-00C04F79EFBC}") = "QueueProject", "QueueProject\QueueProject.csproj", "{38723E6D-01E5-4386-9EA3-B6AA2D80E502}"
EndProject
Global
	GlobalSection(SolutionConfigurationPlatforms) = preSolution
		Debug|Any CPU = Debug|Any CPU
		Release|Any CPU = Release|Any CPU
	EndGlobalSection
	GlobalSection(ProjectConfigurationPlatforms) = postSolution
		{38723E6D-01E5-4386-9EA3-B6AA2D80E502}.Debug|Any CPU.ActiveCfg = Debug|Any CPU
		{38723E6D-01E5-4386-9EA3-B6AA2D80E502}.Debug|Any CPU.Build.0 = Debug|Any CPU
		{38723E6D-01E5-4386-9EA3-B6AA2D80E502}.Release|Any CPU.ActiveCfg = Release|Any CPU
		{38723E6D-01E5-4386-9EA3-B6AA2D80E502}.Release|Any CPU.Build.0 = Release|Any CPU
	EndGlobalSection
	GlobalSection(SolutionProperties) = preSolution
		HideSolutionNode = FALSE
	EndGlobalSection
	GlobalSection(ExtensibilityGlobals) = postSolution
		SolutionGuid = {079D7784-B7AC-4BAC-B7D4-2651BF66455B}
	EndGlobalSection
EndGlobal
